// !$*UTF8*$!
{
	archiveVersion = 1;
	classes = {
	};
	objectVersion = 50;
	objects = {

/* Begin PBXBuildFile section */
		920AE78E264AC3B900D32556 /* Detective.swift in Sources */ = {isa = PBXBuildFile; fileRef = 920AE78D264AC3B900D32556 /* Detective.swift */; };
		920AE792264DA0E000D32556 /* BaseFunction.swift in Sources */ = {isa = PBXBuildFile; fileRef = 920AE791264DA0E000D32556 /* BaseFunction.swift */; };
		920F6476265D10E200568159 /* Position.swift in Sources */ = {isa = PBXBuildFile; fileRef = 920F6475265D10E200568159 /* Position.swift */; };
		920F6478265D164400568159 /* Portal.swift in Sources */ = {isa = PBXBuildFile; fileRef = 920F6477265D164400568159 /* Portal.swift */; };
		9247C5BC264FFB2600D3454F /* Item.swift in Sources */ = {isa = PBXBuildFile; fileRef = 9247C5BB264FFB2600D3454F /* Item.swift */; };
		9247C5BF265443FA00D3454F /* Expeditions.swift in Sources */ = {isa = PBXBuildFile; fileRef = 9247C5BE265443FA00D3454F /* Expeditions.swift */; };
		9247C5C12654448400D3454F /* Myth.swift in Sources */ = {isa = PBXBuildFile; fileRef = 9247C5C02654448400D3454F /* Myth.swift */; };
		9247C5C3265444AA00D3454F /* Contacts.swift in Sources */ = {isa = PBXBuildFile; fileRef = 9247C5C2265444AA00D3454F /* Contacts.swift */; };
		9247C5C52654454100D3454F /* Spell.swift in Sources */ = {isa = PBXBuildFile; fileRef = 9247C5C42654454100D3454F /* Spell.swift */; };
		9247C5C7265445BD00D3454F /* State.swift in Sources */ = {isa = PBXBuildFile; fileRef = 9247C5C6265445BD00D3454F /* State.swift */; };
		92777C632656E8CE00505145 /* Eldrich.swift in Sources */ = {isa = PBXBuildFile; fileRef = 92777C622656E8CE00505145 /* Eldrich.swift */; };
		92777C662656E9D900505145 /* Monster.swift in Sources */ = {isa = PBXBuildFile; fileRef = 92777C652656E9D900505145 /* Monster.swift */; };
		929B7F452649C2350037CC21 /* main.swift in Sources */ = {isa = PBXBuildFile; fileRef = 929B7F442649C2350037CC21 /* main.swift */; };
		92BC3E8E264DA42100D852F9 /* Player.swift in Sources */ = {isa = PBXBuildFile; fileRef = 92BC3E8D264DA42100D852F9 /* Player.swift */; };
/* End PBXBuildFile section */

/* Begin PBXCopyFilesBuildPhase section */
		929B7F3F2649C2340037CC21 /* CopyFiles */ = {
			isa = PBXCopyFilesBuildPhase;
			buildActionMask = 2147483647;
			dstPath = /usr/share/man/man1/;
			dstSubfolderSpec = 0;
			files = (
			);
			runOnlyForDeploymentPostprocessing = 1;
		};
/* End PBXCopyFilesBuildPhase section */

/* Begin PBXFileReference section */
		920AE78D264AC3B900D32556 /* Detective.swift */ = {isa = PBXFileReference; lastKnownFileType = sourcecode.swift; path = Detective.swift; sourceTree = "<group>"; };
		920AE791264DA0E000D32556 /* BaseFunction.swift */ = {isa = PBXFileReference; lastKnownFileType = sourcecode.swift; path = BaseFunction.swift; sourceTree = "<group>"; };
		920F6475265D10E200568159 /* Position.swift */ = {isa = PBXFileReference; lastKnownFileType = sourcecode.swift; path = Position.swift; sourceTree = "<group>"; };
		920F6477265D164400568159 /* Portal.swift */ = {isa = PBXFileReference; lastKnownFileType = sourcecode.swift; path = Portal.swift; sourceTree = "<group>"; };
		9247C5BB264FFB2600D3454F /* Item.swift */ = {isa = PBXFileReference; lastKnownFileType = sourcecode.swift; path = Item.swift; sourceTree = "<group>"; };
		9247C5BE265443FA00D3454F /* Expeditions.swift */ = {isa = PBXFileReference; lastKnownFileType = sourcecode.swift; path = Expeditions.swift; sourceTree = "<group>"; };
		9247C5C02654448400D3454F /* Myth.swift */ = {isa = PBXFileReference; lastKnownFileType = sourcecode.swift; path = Myth.swift; sourceTree = "<group>"; };
		9247C5C2265444AA00D3454F /* Contacts.swift */ = {isa = PBXFileReference; lastKnownFileType = sourcecode.swift; path = Contacts.swift; sourceTree = "<group>"; };
		9247C5C42654454100D3454F /* Spell.swift */ = {isa = PBXFileReference; lastKnownFileType = sourcecode.swift; path = Spell.swift; sourceTree = "<group>"; };
		9247C5C6265445BD00D3454F /* State.swift */ = {isa = PBXFileReference; lastKnownFileType = sourcecode.swift; path = State.swift; sourceTree = "<group>"; };
		92777C622656E8CE00505145 /* Eldrich.swift */ = {isa = PBXFileReference; lastKnownFileType = sourcecode.swift; path = Eldrich.swift; sourceTree = "<group>"; };
		92777C652656E9D900505145 /* Monster.swift */ = {isa = PBXFileReference; lastKnownFileType = sourcecode.swift; path = Monster.swift; sourceTree = "<group>"; };
		929B7F412649C2340037CC21 /* Eldtrich Horror */ = {isa = PBXFileReference; explicitFileType = "compiled.mach-o.executable"; includeInIndex = 0; path = "Eldtrich Horror"; sourceTree = BUILT_PRODUCTS_DIR; };
		929B7F442649C2350037CC21 /* main.swift */ = {isa = PBXFileReference; lastKnownFileType = sourcecode.swift; path = main.swift; sourceTree = "<group>"; };
		92BC3E8D264DA42100D852F9 /* Player.swift */ = {isa = PBXFileReference; lastKnownFileType = sourcecode.swift; path = Player.swift; sourceTree = "<group>"; };
/* End PBXFileReference section */

/* Begin PBXFrameworksBuildPhase section */
		929B7F3E2649C2340037CC21 /* Frameworks */ = {
			isa = PBXFrameworksBuildPhase;
			buildActionMask = 2147483647;
			files = (
			);
			runOnlyForDeploymentPostprocessing = 0;
		};
/* End PBXFrameworksBuildPhase section */

/* Begin PBXGroup section */
		9247C5BA264FF9CA00D3454F /* Items */ = {
			isa = PBXGroup;
			children = (
				9247C5BB264FFB2600D3454F /* Item.swift */,
				9247C5C42654454100D3454F /* Spell.swift */,
				9247C5C6265445BD00D3454F /* State.swift */,
			);
			path = Items;
			sourceTree = "<group>";
		};
		9247C5BD265443CC00D3454F /* Game Cards */ = {
			isa = PBXGroup;
			children = (
				9247C5BE265443FA00D3454F /* Expeditions.swift */,
				9247C5C02654448400D3454F /* Myth.swift */,
				9247C5C2265444AA00D3454F /* Contacts.swift */,
			);
			path = "Game Cards";
			sourceTree = "<group>";
		};
		92777C612656E8AE00505145 /* Eldrich */ = {
			isa = PBXGroup;
			children = (
				92777C622656E8CE00505145 /* Eldrich.swift */,
			);
			path = Eldrich;
			sourceTree = "<group>";
		};
		92777C642656E97B00505145 /* Monsters */ = {
			isa = PBXGroup;
			children = (
				92777C652656E9D900505145 /* Monster.swift */,
			);
			path = Monsters;
			sourceTree = "<group>";
		};
		929B7F382649C2340037CC21 = {
			isa = PBXGroup;
			children = (
				929B7F432649C2340037CC21 /* Eldtrich Horror */,
				929B7F422649C2340037CC21 /* Products */,
			);
			sourceTree = "<group>";
		};
		929B7F422649C2340037CC21 /* Products */ = {
			isa = PBXGroup;
			children = (
				929B7F412649C2340037CC21 /* Eldtrich Horror */,
			);
			name = Products;
			sourceTree = "<group>";
		};
		929B7F432649C2340037CC21 /* Eldtrich Horror */ = {
			isa = PBXGroup;
			children = (
				92777C642656E97B00505145 /* Monsters */,
				92777C612656E8AE00505145 /* Eldrich */,
				9247C5BD265443CC00D3454F /* Game Cards */,
				9247C5BA264FF9CA00D3454F /* Items */,
				929B7F442649C2350037CC21 /* main.swift */,
				920AE791264DA0E000D32556 /* BaseFunction.swift */,
				92BC3E8D264DA42100D852F9 /* Player.swift */,
				920F6475265D10E200568159 /* Position.swift */,
				920F6477265D164400568159 /* Portal.swift */,
				920AE78D264AC3B900D32556 /* Detective.swift */,
			);
			path = "Eldtrich Horror";
			sourceTree = "<group>";
		};
/* End PBXGroup section */

/* Begin PBXNativeTarget section */
		929B7F402649C2340037CC21 /* Eldtrich Horror */ = {
			isa = PBXNativeTarget;
			buildConfigurationList = 929B7F482649C2350037CC21 /* Build configuration list for PBXNativeTarget "Eldtrich Horror" */;
			buildPhases = (
				929B7F3D2649C2340037CC21 /* Sources */,
				929B7F3E2649C2340037CC21 /* Frameworks */,
				929B7F3F2649C2340037CC21 /* CopyFiles */,
			);
			buildRules = (
			);
			dependencies = (
			);
			name = "Eldtrich Horror";
			productName = "Eldtrich Horror";
			productReference = 929B7F412649C2340037CC21 /* Eldtrich Horror */;
			productType = "com.apple.product-type.tool";
		};
/* End PBXNativeTarget section */

/* Begin PBXProject section */
		929B7F392649C2340037CC21 /* Project object */ = {
			isa = PBXProject;
			attributes = {
				LastSwiftUpdateCheck = 1250;
				LastUpgradeCheck = 1250;
				TargetAttributes = {
					929B7F402649C2340037CC21 = {
						CreatedOnToolsVersion = 12.5;
					};
				};
			};
			buildConfigurationList = 929B7F3C2649C2340037CC21 /* Build configuration list for PBXProject "Eldtrich Horror" */;
			compatibilityVersion = "Xcode 9.3";
			developmentRegion = en;
			hasScannedForEncodings = 0;
			knownRegions = (
				en,
				Base,
			);
			mainGroup = 929B7F382649C2340037CC21;
			productRefGroup = 929B7F422649C2340037CC21 /* Products */;
			projectDirPath = "";
			projectRoot = "";
			targets = (
				929B7F402649C2340037CC21 /* Eldtrich Horror */,
			);
		};
/* End PBXProject section */

/* Begin PBXSourcesBuildPhase section */
		929B7F3D2649C2340037CC21 /* Sources */ = {
			isa = PBXSourcesBuildPhase;
			buildActionMask = 2147483647;
			files = (
				9247C5C3265444AA00D3454F /* Contacts.swift in Sources */,
				9247C5C12654448400D3454F /* Myth.swift in Sources */,
				9247C5BC264FFB2600D3454F /* Item.swift in Sources */,
				9247C5C7265445BD00D3454F /* State.swift in Sources */,
				92777C662656E9D900505145 /* Monster.swift in Sources */,
				92777C632656E8CE00505145 /* Eldrich.swift in Sources */,
				92BC3E8E264DA42100D852F9 /* Player.swift in Sources */,
				920F6476265D10E200568159 /* Position.swift in Sources */,
				9247C5BF265443FA00D3454F /* Expeditions.swift in Sources */,
				929B7F452649C2350037CC21 /* main.swift in Sources */,
				920AE792264DA0E000D32556 /* BaseFunction.swift in Sources */,
				920AE78E264AC3B900D32556 /* Detective.swift in Sources */,
				9247C5C52654454100D3454F /* Spell.swift in Sources */,
				920F6478265D164400568159 /* Portal.swift in Sources */,
			);
			runOnlyForDeploymentPostprocessing = 0;
		};
/* End PBXSourcesBuildPhase section */

/* Begin XCBuildConfiguration section */
		929B7F462649C2350037CC21 /* Debug */ = {
			isa = XCBuildConfiguration;
			buildSettings = {
				ALWAYS_SEARCH_USER_PATHS = NO;
				CLANG_ANALYZER_NONNULL = YES;
				CLANG_ANALYZER_NUMBER_OBJECT_CONVERSION = YES_AGGRESSIVE;
				CLANG_CXX_LANGUAGE_STANDARD = "gnu++14";
				CLANG_CXX_LIBRARY = "libc++";
				CLANG_ENABLE_MODULES = YES;
				CLANG_ENABLE_OBJC_ARC = YES;
				CLANG_ENABLE_OBJC_WEAK = YES;
				CLANG_WARN_BLOCK_CAPTURE_AUTORELEASING = YES;
				CLANG_WARN_BOOL_CONVERSION = YES;
				CLANG_WARN_COMMA = YES;
				CLANG_WARN_CONSTANT_CONVERSION = YES;
				CLANG_WARN_DEPRECATED_OBJC_IMPLEMENTATIONS = YES;
				CLANG_WARN_DIRECT_OBJC_ISA_USAGE = YES_ERROR;
				CLANG_WARN_DOCUMENTATION_COMMENTS = YES;
				CLANG_WARN_EMPTY_BODY = YES;
				CLANG_WARN_ENUM_CONVERSION = YES;
				CLANG_WARN_INFINITE_RECURSION = YES;
				CLANG_WARN_INT_CONVERSION = YES;
				CLANG_WARN_NON_LITERAL_NULL_CONVERSION = YES;
				CLANG_WARN_OBJC_IMPLICIT_RETAIN_SELF = YES;
				CLANG_WARN_OBJC_LITERAL_CONVERSION = YES;
				CLANG_WARN_OBJC_ROOT_CLASS = YES_ERROR;
				CLANG_WARN_QUOTED_INCLUDE_IN_FRAMEWORK_HEADER = YES;
				CLANG_WARN_RANGE_LOOP_ANALYSIS = YES;
				CLANG_WARN_STRICT_PROTOTYPES = YES;
				CLANG_WARN_SUSPICIOUS_MOVE = YES;
				CLANG_WARN_UNGUARDED_AVAILABILITY = YES_AGGRESSIVE;
				CLANG_WARN_UNREACHABLE_CODE = YES;
				CLANG_WARN__DUPLICATE_METHOD_MATCH = YES;
				COPY_PHASE_STRIP = NO;
				DEBUG_INFORMATION_FORMAT = dwarf;
				ENABLE_STRICT_OBJC_MSGSEND = YES;
				ENABLE_TESTABILITY = YES;
				GCC_C_LANGUAGE_STANDARD = gnu11;
				GCC_DYNAMIC_NO_PIC = NO;
				GCC_NO_COMMON_BLOCKS = YES;
				GCC_OPTIMIZATION_LEVEL = 0;
				GCC_PREPROCESSOR_DEFINITIONS = (
					"DEBUG=1",
					"$(inherited)",
				);
				GCC_WARN_64_TO_32_BIT_CONVERSION = YES;
				GCC_WARN_ABOUT_RETURN_TYPE = YES_ERROR;
				GCC_WARN_UNDECLARED_SELECTOR = YES;
				GCC_WARN_UNINITIALIZED_AUTOS = YES_AGGRESSIVE;
				GCC_WARN_UNUSED_FUNCTION = YES;
				GCC_WARN_UNUSED_VARIABLE = YES;
				MACOSX_DEPLOYMENT_TARGET = 11.2;
				MTL_ENABLE_DEBUG_INFO = INCLUDE_SOURCE;
				MTL_FAST_MATH = YES;
				ONLY_ACTIVE_ARCH = YES;
				SDKROOT = macosx;
				SWIFT_ACTIVE_COMPILATION_CONDITIONS = DEBUG;
				SWIFT_OPTIMIZATION_LEVEL = "-Onone";
			};
			name = Debug;
		};
		929B7F472649C2350037CC21 /* Release */ = {
			isa = XCBuildConfiguration;
			buildSettings = {
				ALWAYS_SEARCH_USER_PATHS = NO;
				CLANG_ANALYZER_NONNULL = YES;
				CLANG_ANALYZER_NUMBER_OBJECT_CONVERSION = YES_AGGRESSIVE;
				CLANG_CXX_LANGUAGE_STANDARD = "gnu++14";
				CLANG_CXX_LIBRARY = "libc++";
				CLANG_ENABLE_MODULES = YES;
				CLANG_ENABLE_OBJC_ARC = YES;
				CLANG_ENABLE_OBJC_WEAK = YES;
				CLANG_WARN_BLOCK_CAPTURE_AUTORELEASING = YES;
				CLANG_WARN_BOOL_CONVERSION = YES;
				CLANG_WARN_COMMA = YES;
				CLANG_WARN_CONSTANT_CONVERSION = YES;
				CLANG_WARN_DEPRECATED_OBJC_IMPLEMENTATIONS = YES;
				CLANG_WARN_DIRECT_OBJC_ISA_USAGE = YES_ERROR;
				CLANG_WARN_DOCUMENTATION_COMMENTS = YES;
				CLANG_WARN_EMPTY_BODY = YES;
				CLANG_WARN_ENUM_CONVERSION = YES;
				CLANG_WARN_INFINITE_RECURSION = YES;
				CLANG_WARN_INT_CONVERSION = YES;
				CLANG_WARN_NON_LITERAL_NULL_CONVERSION = YES;
				CLANG_WARN_OBJC_IMPLICIT_RETAIN_SELF = YES;
				CLANG_WARN_OBJC_LITERAL_CONVERSION = YES;
				CLANG_WARN_OBJC_ROOT_CLASS = YES_ERROR;
				CLANG_WARN_QUOTED_INCLUDE_IN_FRAMEWORK_HEADER = YES;
				CLANG_WARN_RANGE_LOOP_ANALYSIS = YES;
				CLANG_WARN_STRICT_PROTOTYPES = YES;
				CLANG_WARN_SUSPICIOUS_MOVE = YES;
				CLANG_WARN_UNGUARDED_AVAILABILITY = YES_AGGRESSIVE;
				CLANG_WARN_UNREACHABLE_CODE = YES;
				CLANG_WARN__DUPLICATE_METHOD_MATCH = YES;
				COPY_PHASE_STRIP = NO;
				DEBUG_INFORMATION_FORMAT = "dwarf-with-dsym";
				ENABLE_NS_ASSERTIONS = NO;
				ENABLE_STRICT_OBJC_MSGSEND = YES;
				GCC_C_LANGUAGE_STANDARD = gnu11;
				GCC_NO_COMMON_BLOCKS = YES;
				GCC_WARN_64_TO_32_BIT_CONVERSION = YES;
				GCC_WARN_ABOUT_RETURN_TYPE = YES_ERROR;
				GCC_WARN_UNDECLARED_SELECTOR = YES;
				GCC_WARN_UNINITIALIZED_AUTOS = YES_AGGRESSIVE;
				GCC_WARN_UNUSED_FUNCTION = YES;
				GCC_WARN_UNUSED_VARIABLE = YES;
				MACOSX_DEPLOYMENT_TARGET = 11.2;
				MTL_ENABLE_DEBUG_INFO = NO;
				MTL_FAST_MATH = YES;
				SDKROOT = macosx;
				SWIFT_COMPILATION_MODE = wholemodule;
				SWIFT_OPTIMIZATION_LEVEL = "-O";
			};
			name = Release;
		};
		929B7F492649C2350037CC21 /* Debug */ = {
			isa = XCBuildConfiguration;
			buildSettings = {
				CODE_SIGN_STYLE = Automatic;
				DEVELOPMENT_TEAM = 48RSDSQJLU;
				ENABLE_HARDENED_RUNTIME = YES;
				PRODUCT_NAME = "$(TARGET_NAME)";
				SWIFT_VERSION = 5.0;
			};
			name = Debug;
		};
		929B7F4A2649C2350037CC21 /* Release */ = {
			isa = XCBuildConfiguration;
			buildSettings = {
				CODE_SIGN_STYLE = Automatic;
				DEVELOPMENT_TEAM = 48RSDSQJLU;
				ENABLE_HARDENED_RUNTIME = YES;
				PRODUCT_NAME = "$(TARGET_NAME)";
				SWIFT_VERSION = 5.0;
			};
			name = Release;
		};
/* End XCBuildConfiguration section */

/* Begin XCConfigurationList section */
		929B7F3C2649C2340037CC21 /* Build configuration list for PBXProject "Eldtrich Horror" */ = {
			isa = XCConfigurationList;
			buildConfigurations = (
				929B7F462649C2350037CC21 /* Debug */,
				929B7F472649C2350037CC21 /* Release */,
			);
			defaultConfigurationIsVisible = 0;
			defaultConfigurationName = Release;
		};
		929B7F482649C2350037CC21 /* Build configuration list for PBXNativeTarget "Eldtrich Horror" */ = {
			isa = XCConfigurationList;
			buildConfigurations = (
				929B7F492649C2350037CC21 /* Debug */,
				929B7F4A2649C2350037CC21 /* Release */,
			);
			defaultConfigurationIsVisible = 0;
			defaultConfigurationName = Release;
		};
/* End XCConfigurationList section */
	};
	rootObject = 929B7F392649C2340037CC21 /* Project object */;
}
